
Microsoft Visual Studio Solution File, Format Version 12.00
# Visual Studio Version 16
VisualStudioVersion = 16.0.29001.49
MinimumVisualStudioVersion = 10.0.40219.1
Project("{FAE04EC0-301F-11D3-BF4B-00C04F79EFBC}") = "ProjetIHM", "ProjetIHM\ProjetIHM.csproj", "{7CD83C1A-B1FF-48E1-9CF4-BA03CCA338A5}"
EndProject
Global
	GlobalSection(SolutionConfigurationPlatforms) = preSolution
		Debug|Any CPU = Debug|Any CPU
		Release|Any CPU = Release|Any CPU
	EndGlobalSection
	GlobalSection(ProjectConfigurationPlatforms) = postSolution
		{7CD83C1A-B1FF-48E1-9CF4-BA03CCA338A5}.Debug|Any CPU.ActiveCfg = Debug|Any CPU
		{7CD83C1A-B1FF-48E1-9CF4-BA03CCA338A5}.Debug|Any CPU.Build.0 = Debug|Any CPU
		{7CD83C1A-B1FF-48E1-9CF4-BA03CCA338A5}.Release|Any CPU.ActiveCfg = Release|Any CPU
		{7CD83C1A-B1FF-48E1-9CF4-BA03CCA338A5}.Release|Any CPU.Build.0 = Release|Any CPU
	EndGlobalSection
	GlobalSection(SolutionProperties) = preSolution
		HideSolutionNode = FALSE
	EndGlobalSection
	GlobalSection(ExtensibilityGlobals) = postSolution
		SolutionGuid = {F50D1275-8D47-4024-83FE-2E261C252A10}
	EndGlobalSection
EndGlobal
